{
  "object": {
    "pins": [
      {
        "package": "CryptoSwift",
        "repositoryURL": "https://github.com/krzyzanowskim/CryptoSwift.git",
        "state": {
          "branch": "master",
          "revision": "4e31051c63cc0ddf10a25cf5318856c510cf77f4",
          "version": null
        }
      },
      {
        "package": "SwiftWebSocket",
        "repositoryURL": "https://github.com/y-ich/SwiftWebSocket.git",
        "state": {
          "branch": null,
          "revision": "790be99a1760630c49363e9e61d6f296d4a5d883",
          "version": "2.8.1"
        }
      },
      {
        "package": "XCGLogger",
        "repositoryURL": "https://github.com/DaveWoodCom/XCGLogger.git",
        "state": {
          "branch": null,
          "revision": "a9c4667b247928a29bdd41be2ec2c8d304215a54",
          "version": "7.0.1"
        }
      }
    ]
  },
  "version": 1
}
